
Microsoft Visual Studio Solution File, Format Version 12.00
# Visual Studio 15
VisualStudioVersion = 15.0.28307.168
MinimumVisualStudioVersion = 10.0.40219.1
Project("{FAE04EC0-301F-11D3-BF4B-00C04F79EFBC}") = "MyWeatherApp01.Android", "MyWeatherApp01\MyWeatherApp01.Android\MyWeatherApp01.Android.csproj", "{41A9E41B-0061-40C0-A9B7-3374E16B2DCC}"
EndProject
Project("{FAE04EC0-301F-11D3-BF4B-00C04F79EFBC}") = "MyWeatherApp01.iOS", "MyWeatherApp01\MyWeatherApp01.iOS\MyWeatherApp01.iOS.csproj", "{C4B54D40-7AE1-4AFE-8E5E-7EA6C0B3EE31}"
EndProject
Project("{FAE04EC0-301F-11D3-BF4B-00C04F79EFBC}") = "MyWeatherApp01.UWP", "MyWeatherApp01\MyWeatherApp01.UWP\MyWeatherApp01.UWP.csproj", "{EF3189A1-7BA2-4BAE-9146-DC3C7C914AC8}"
EndProject
Project("{FAE04EC0-301F-11D3-BF4B-00C04F79EFBC}") = "MyWeatherApp01", "MyWeatherApp01\MyWeatherApp01\MyWeatherApp01.csproj", "{558BC327-5291-44C7-8529-2337C37F2668}"
EndProject
Global
	GlobalSection(SolutionConfigurationPlatforms) = preSolution
		Ad-Hoc|Any CPU = Ad-Hoc|Any CPU
		Ad-Hoc|ARM = Ad-Hoc|ARM
		Ad-Hoc|iPhone = Ad-Hoc|iPhone
		Ad-Hoc|iPhoneSimulator = Ad-Hoc|iPhoneSimulator
		Ad-Hoc|x64 = Ad-Hoc|x64
		Ad-Hoc|x86 = Ad-Hoc|x86
		AppStore|Any CPU = AppStore|Any CPU
		AppStore|ARM = AppStore|ARM
		AppStore|iPhone = AppStore|iPhone
		AppStore|iPhoneSimulator = AppStore|iPhoneSimulator
		AppStore|x64 = AppStore|x64
		AppStore|x86 = AppStore|x86
		Debug|Any CPU = Debug|Any CPU
		Debug|ARM = Debug|ARM
		Debug|iPhone = Debug|iPhone
		Debug|iPhoneSimulator = Debug|iPhoneSimulator
		Debug|x64 = Debug|x64
		Debug|x86 = Debug|x86
		Release|Any CPU = Release|Any CPU
		Release|ARM = Release|ARM
		Release|iPhone = Release|iPhone
		Release|iPhoneSimulator = Release|iPhoneSimulator
		Release|x64 = Release|x64
		Release|x86 = Release|x86
	EndGlobalSection
	GlobalSection(ProjectConfigurationPlatforms) = postSolution
		{41A9E41B-0061-40C0-A9B7-3374E16B2DCC}.Ad-Hoc|Any CPU.ActiveCfg = Release|Any CPU
		{41A9E41B-0061-40C0-A9B7-3374E16B2DCC}.Ad-Hoc|Any CPU.Build.0 = Release|Any CPU
		{41A9E41B-0061-40C0-A9B7-3374E16B2DCC}.Ad-Hoc|Any CPU.Deploy.0 = Release|Any CPU
		{41A9E41B-0061-40C0-A9B7-3374E16B2DCC}.Ad-Hoc|ARM.ActiveCfg = Release|Any CPU
		{41A9E41B-0061-40C0-A9B7-3374E16B2DCC}.Ad-Hoc|ARM.Build.0 = Release|Any CPU
		{41A9E41B-0061-40C0-A9B7-3374E16B2DCC}.Ad-Hoc|ARM.Deploy.0 = Release|Any CPU
		{41A9E41B-0061-40C0-A9B7-3374E16B2DCC}.Ad-Hoc|iPhone.ActiveCfg = Release|Any CPU
		{41A9E41B-0061-40C0-A9B7-3374E16B2DCC}.Ad-Hoc|iPhone.Build.0 = Release|Any CPU
		{41A9E41B-0061-40C0-A9B7-3374E16B2DCC}.Ad-Hoc|iPhone.Deploy.0 = Release|Any CPU
		{41A9E41B-0061-40C0-A9B7-3374E16B2DCC}.Ad-Hoc|iPhoneSimulator.ActiveCfg = Release|Any CPU
		{41A9E41B-0061-40C0-A9B7-3374E16B2DCC}.Ad-Hoc|iPhoneSimulator.Build.0 = Release|Any CPU
		{41A9E41B-0061-40C0-A9B7-3374E16B2DCC}.Ad-Hoc|iPhoneSimulator.Deploy.0 = Release|Any CPU
		{41A9E41B-0061-40C0-A9B7-3374E16B2DCC}.Ad-Hoc|x64.ActiveCfg = Release|Any CPU
		{41A9E41B-0061-40C0-A9B7-3374E16B2DCC}.Ad-Hoc|x64.Build.0 = Release|Any CPU
		{41A9E41B-0061-40C0-A9B7-3374E16B2DCC}.Ad-Hoc|x64.Deploy.0 = Release|Any CPU
		{41A9E41B-0061-40C0-A9B7-3374E16B2DCC}.Ad-Hoc|x86.ActiveCfg = Release|Any CPU
		{41A9E41B-0061-40C0-A9B7-3374E16B2DCC}.Ad-Hoc|x86.Build.0 = Release|Any CPU
		{41A9E41B-0061-40C0-A9B7-3374E16B2DCC}.Ad-Hoc|x86.Deploy.0 = Release|Any CPU
		{41A9E41B-0061-40C0-A9B7-3374E16B2DCC}.AppStore|Any CPU.ActiveCfg = Release|Any CPU
		{41A9E41B-0061-40C0-A9B7-3374E16B2DCC}.AppStore|Any CPU.Build.0 = Release|Any CPU
		{41A9E41B-0061-40C0-A9B7-3374E16B2DCC}.AppStore|Any CPU.Deploy.0 = Release|Any CPU
		{41A9E41B-0061-40C0-A9B7-3374E16B2DCC}.AppStore|ARM.ActiveCfg = Release|Any CPU
		{41A9E41B-0061-40C0-A9B7-3374E16B2DCC}.AppStore|ARM.Build.0 = Release|Any CPU
		{41A9E41B-0061-40C0-A9B7-3374E16B2DCC}.AppStore|ARM.Deploy.0 = Release|Any CPU
		{41A9E41B-0061-40C0-A9B7-3374E16B2DCC}.AppStore|iPhone.ActiveCfg = Release|Any CPU
		{41A9E41B-0061-40C0-A9B7-3374E16B2DCC}.AppStore|iPhone.Build.0 = Release|Any CPU
		{41A9E41B-0061-40C0-A9B7-3374E16B2DCC}.AppStore|iPhone.Deploy.0 = Release|Any CPU
		{41A9E41B-0061-40C0-A9B7-3374E16B2DCC}.AppStore|iPhoneSimulator.ActiveCfg = Release|Any CPU
		{41A9E41B-0061-40C0-A9B7-3374E16B2DCC}.AppStore|iPhoneSimulator.Build.0 = Release|Any CPU
		{41A9E41B-0061-40C0-A9B7-3374E16B2DCC}.AppStore|iPhoneSimulator.Deploy.0 = Release|Any CPU
		{41A9E41B-0061-40C0-A9B7-3374E16B2DCC}.AppStore|x64.ActiveCfg = Release|Any CPU
		{41A9E41B-0061-40C0-A9B7-3374E16B2DCC}.AppStore|x64.Build.0 = Release|Any CPU
		{41A9E41B-0061-40C0-A9B7-3374E16B2DCC}.AppStore|x64.Deploy.0 = Release|Any CPU
		{41A9E41B-0061-40C0-A9B7-3374E16B2DCC}.AppStore|x86.ActiveCfg = Release|Any CPU
		{41A9E41B-0061-40C0-A9B7-3374E16B2DCC}.AppStore|x86.Build.0 = Release|Any CPU
		{41A9E41B-0061-40C0-A9B7-3374E16B2DCC}.AppStore|x86.Deploy.0 = Release|Any CPU
		{41A9E41B-0061-40C0-A9B7-3374E16B2DCC}.Debug|Any CPU.ActiveCfg = Debug|Any CPU
		{41A9E41B-0061-40C0-A9B7-3374E16B2DCC}.Debug|Any CPU.Build.0 = Debug|Any CPU
		{41A9E41B-0061-40C0-A9B7-3374E16B2DCC}.Debug|Any CPU.Deploy.0 = Debug|Any CPU
		{41A9E41B-0061-40C0-A9B7-3374E16B2DCC}.Debug|ARM.ActiveCfg = Debug|Any CPU
		{41A9E41B-0061-40C0-A9B7-3374E16B2DCC}.Debug|ARM.Build.0 = Debug|Any CPU
		{41A9E41B-0061-40C0-A9B7-3374E16B2DCC}.Debug|ARM.Deploy.0 = Debug|Any CPU
		{41A9E41B-0061-40C0-A9B7-3374E16B2DCC}.Debug|iPhone.ActiveCfg = Debug|Any CPU
		{41A9E41B-0061-40C0-A9B7-3374E16B2DCC}.Debug|iPhone.Build.0 = Debug|Any CPU
		{41A9E41B-0061-40C0-A9B7-3374E16B2DCC}.Debug|iPhone.Deploy.0 = Debug|Any CPU
		{41A9E41B-0061-40C0-A9B7-3374E16B2DCC}.Debug|iPhoneSimulator.ActiveCfg = Debug|Any CPU
		{41A9E41B-0061-40C0-A9B7-3374E16B2DCC}.Debug|iPhoneSimulator.Build.0 = Debug|Any CPU
		{41A9E41B-0061-40C0-A9B7-3374E16B2DCC}.Debug|iPhoneSimulator.Deploy.0 = Debug|Any CPU
		{41A9E41B-0061-40C0-A9B7-3374E16B2DCC}.Debug|x64.ActiveCfg = Debug|Any CPU
		{41A9E41B-0061-40C0-A9B7-3374E16B2DCC}.Debug|x64.Build.0 = Debug|Any CPU
		{41A9E41B-0061-40C0-A9B7-3374E16B2DCC}.Debug|x64.Deploy.0 = Debug|Any CPU
		{41A9E41B-0061-40C0-A9B7-3374E16B2DCC}.Debug|x86.ActiveCfg = Debug|Any CPU
		{41A9E41B-0061-40C0-A9B7-3374E16B2DCC}.Debug|x86.Build.0 = Debug|Any CPU
		{41A9E41B-0061-40C0-A9B7-3374E16B2DCC}.Debug|x86.Deploy.0 = Debug|Any CPU
		{41A9E41B-0061-40C0-A9B7-3374E16B2DCC}.Release|Any CPU.ActiveCfg = Release|Any CPU
		{41A9E41B-0061-40C0-A9B7-3374E16B2DCC}.Release|Any CPU.Build.0 = Release|Any CPU
		{41A9E41B-0061-40C0-A9B7-3374E16B2DCC}.Release|Any CPU.Deploy.0 = Release|Any CPU
		{41A9E41B-0061-40C0-A9B7-3374E16B2DCC}.Release|ARM.ActiveCfg = Release|Any CPU
		{41A9E41B-0061-40C0-A9B7-3374E16B2DCC}.Release|ARM.Build.0 = Release|Any CPU
		{41A9E41B-0061-40C0-A9B7-3374E16B2DCC}.Release|ARM.Deploy.0 = Release|Any CPU
		{41A9E41B-0061-40C0-A9B7-3374E16B2DCC}.Release|iPhone.ActiveCfg = Release|Any CPU
		{41A9E41B-0061-40C0-A9B7-3374E16B2DCC}.Release|iPhone.Build.0 = Release|Any CPU
		{41A9E41B-0061-40C0-A9B7-3374E16B2DCC}.Release|iPhone.Deploy.0 = Release|Any CPU
		{41A9E41B-0061-40C0-A9B7-3374E16B2DCC}.Release|iPhoneSimulator.ActiveCfg = Release|Any CPU
		{41A9E41B-0061-40C0-A9B7-3374E16B2DCC}.Release|iPhoneSimulator.Build.0 = Release|Any CPU
		{41A9E41B-0061-40C0-A9B7-3374E16B2DCC}.Release|iPhoneSimulator.Deploy.0 = Release|Any CPU
		{41A9E41B-0061-40C0-A9B7-3374E16B2DCC}.Release|x64.ActiveCfg = Release|Any CPU
		{41A9E41B-0061-40C0-A9B7-3374E16B2DCC}.Release|x64.Build.0 = Release|Any CPU
		{41A9E41B-0061-40C0-A9B7-3374E16B2DCC}.Release|x64.Deploy.0 = Release|Any CPU
		{41A9E41B-0061-40C0-A9B7-3374E16B2DCC}.Release|x86.ActiveCfg = Release|Any CPU
		{41A9E41B-0061-40C0-A9B7-3374E16B2DCC}.Release|x86.Build.0 = Release|Any CPU
		{41A9E41B-0061-40C0-A9B7-3374E16B2DCC}.Release|x86.Deploy.0 = Release|Any CPU
		{C4B54D40-7AE1-4AFE-8E5E-7EA6C0B3EE31}.Ad-Hoc|Any CPU.ActiveCfg = Ad-Hoc|iPhone
		{C4B54D40-7AE1-4AFE-8E5E-7EA6C0B3EE31}.Ad-Hoc|Any CPU.Build.0 = Ad-Hoc|iPhone
		{C4B54D40-7AE1-4AFE-8E5E-7EA6C0B3EE31}.Ad-Hoc|Any CPU.Deploy.0 = Ad-Hoc|iPhone
		{C4B54D40-7AE1-4AFE-8E5E-7EA6C0B3EE31}.Ad-Hoc|ARM.ActiveCfg = Ad-Hoc|iPhone
		{C4B54D40-7AE1-4AFE-8E5E-7EA6C0B3EE31}.Ad-Hoc|ARM.Build.0 = Ad-Hoc|iPhone
		{C4B54D40-7AE1-4AFE-8E5E-7EA6C0B3EE31}.Ad-Hoc|ARM.Deploy.0 = Ad-Hoc|iPhone
		{C4B54D40-7AE1-4AFE-8E5E-7EA6C0B3EE31}.Ad-Hoc|iPhone.ActiveCfg = Ad-Hoc|iPhone
		{C4B54D40-7AE1-4AFE-8E5E-7EA6C0B3EE31}.Ad-Hoc|iPhone.Build.0 = Ad-Hoc|iPhone
		{C4B54D40-7AE1-4AFE-8E5E-7EA6C0B3EE31}.Ad-Hoc|iPhone.Deploy.0 = Ad-Hoc|iPhone
		{C4B54D40-7AE1-4AFE-8E5E-7EA6C0B3EE31}.Ad-Hoc|iPhoneSimulator.ActiveCfg = Ad-Hoc|iPhoneSimulator
		{C4B54D40-7AE1-4AFE-8E5E-7EA6C0B3EE31}.Ad-Hoc|iPhoneSimulator.Build.0 = Ad-Hoc|iPhoneSimulator
		{C4B54D40-7AE1-4AFE-8E5E-7EA6C0B3EE31}.Ad-Hoc|iPhoneSimulator.Deploy.0 = Ad-Hoc|iPhoneSimulator
		{C4B54D40-7AE1-4AFE-8E5E-7EA6C0B3EE31}.Ad-Hoc|x64.ActiveCfg = Ad-Hoc|iPhone
		{C4B54D40-7AE1-4AFE-8E5E-7EA6C0B3EE31}.Ad-Hoc|x64.Build.0 = Ad-Hoc|iPhone
		{C4B54D40-7AE1-4AFE-8E5E-7EA6C0B3EE31}.Ad-Hoc|x64.Deploy.0 = Ad-Hoc|iPhone
		{C4B54D40-7AE1-4AFE-8E5E-7EA6C0B3EE31}.Ad-Hoc|x86.ActiveCfg = Ad-Hoc|iPhone
		{C4B54D40-7AE1-4AFE-8E5E-7EA6C0B3EE31}.Ad-Hoc|x86.Build.0 = Ad-Hoc|iPhone
		{C4B54D40-7AE1-4AFE-8E5E-7EA6C0B3EE31}.Ad-Hoc|x86.Deploy.0 = Ad-Hoc|iPhone
		{C4B54D40-7AE1-4AFE-8E5E-7EA6C0B3EE31}.AppStore|Any CPU.ActiveCfg = AppStore|iPhone
		{C4B54D40-7AE1-4AFE-8E5E-7EA6C0B3EE31}.AppStore|Any CPU.Build.0 = AppStore|iPhone
		{C4B54D40-7AE1-4AFE-8E5E-7EA6C0B3EE31}.AppStore|Any CPU.Deploy.0 = AppStore|iPhone
		{C4B54D40-7AE1-4AFE-8E5E-7EA6C0B3EE31}.AppStore|ARM.ActiveCfg = AppStore|iPhone
		{C4B54D40-7AE1-4AFE-8E5E-7EA6C0B3EE31}.AppStore|ARM.Build.0 = AppStore|iPhone
		{C4B54D40-7AE1-4AFE-8E5E-7EA6C0B3EE31}.AppStore|ARM.Deploy.0 = AppStore|iPhone
		{C4B54D40-7AE1-4AFE-8E5E-7EA6C0B3EE31}.AppStore|iPhone.ActiveCfg = AppStore|iPhone
		{C4B54D40-7AE1-4AFE-8E5E-7EA6C0B3EE31}.AppStore|iPhone.Build.0 = AppStore|iPhone
		{C4B54D40-7AE1-4AFE-8E5E-7EA6C0B3EE31}.AppStore|iPhone.Deploy.0 = AppStore|iPhone
		{C4B54D40-7AE1-4AFE-8E5E-7EA6C0B3EE31}.AppStore|iPhoneSimulator.ActiveCfg = AppStore|iPhoneSimulator
		{C4B54D40-7AE1-4AFE-8E5E-7EA6C0B3EE31}.AppStore|iPhoneSimulator.Build.0 = AppStore|iPhoneSimulator
		{C4B54D40-7AE1-4AFE-8E5E-7EA6C0B3EE31}.AppStore|iPhoneSimulator.Deploy.0 = AppStore|iPhoneSimulator
		{C4B54D40-7AE1-4AFE-8E5E-7EA6C0B3EE31}.AppStore|x64.ActiveCfg = AppStore|iPhone
		{C4B54D40-7AE1-4AFE-8E5E-7EA6C0B3EE31}.AppStore|x64.Build.0 = AppStore|iPhone
		{C4B54D40-7AE1-4AFE-8E5E-7EA6C0B3EE31}.AppStore|x64.Deploy.0 = AppStore|iPhone
		{C4B54D40-7AE1-4AFE-8E5E-7EA6C0B3EE31}.AppStore|x86.ActiveCfg = AppStore|iPhone
		{C4B54D40-7AE1-4AFE-8E5E-7EA6C0B3EE31}.AppStore|x86.Build.0 = AppStore|iPhone
		{C4B54D40-7AE1-4AFE-8E5E-7EA6C0B3EE31}.AppStore|x86.Deploy.0 = AppStore|iPhone
		{C4B54D40-7AE1-4AFE-8E5E-7EA6C0B3EE31}.Debug|Any CPU.ActiveCfg = Debug|iPhoneSimulator
		{C4B54D40-7AE1-4AFE-8E5E-7EA6C0B3EE31}.Debug|Any CPU.Build.0 = Debug|iPhoneSimulator
		{C4B54D40-7AE1-4AFE-8E5E-7EA6C0B3EE31}.Debug|Any CPU.Deploy.0 = Debug|iPhoneSimulator
		{C4B54D40-7AE1-4AFE-8E5E-7EA6C0B3EE31}.Debug|ARM.ActiveCfg = Debug|iPhone
		{C4B54D40-7AE1-4AFE-8E5E-7EA6C0B3EE31}.Debug|ARM.Build.0 = Debug|iPhone
		{C4B54D40-7AE1-4AFE-8E5E-7EA6C0B3EE31}.Debug|ARM.Deploy.0 = Debug|iPhone
		{C4B54D40-7AE1-4AFE-8E5E-7EA6C0B3EE31}.Debug|iPhone.ActiveCfg = Debug|iPhone
		{C4B54D40-7AE1-4AFE-8E5E-7EA6C0B3EE31}.Debug|iPhone.Build.0 = Debug|iPhone
		{C4B54D40-7AE1-4AFE-8E5E-7EA6C0B3EE31}.Debug|iPhone.Deploy.0 = Debug|iPhone
		{C4B54D40-7AE1-4AFE-8E5E-7EA6C0B3EE31}.Debug|iPhoneSimulator.ActiveCfg = Debug|iPhoneSimulator
		{C4B54D40-7AE1-4AFE-8E5E-7EA6C0B3EE31}.Debug|iPhoneSimulator.Build.0 = Debug|iPhoneSimulator
		{C4B54D40-7AE1-4AFE-8E5E-7EA6C0B3EE31}.Debug|iPhoneSimulator.Deploy.0 = Debug|iPhoneSimulator
		{C4B54D40-7AE1-4AFE-8E5E-7EA6C0B3EE31}.Debug|x64.ActiveCfg = Debug|iPhone
		{C4B54D40-7AE1-4AFE-8E5E-7EA6C0B3EE31}.Debug|x64.Build.0 = Debug|iPhone
		{C4B54D40-7AE1-4AFE-8E5E-7EA6C0B3EE31}.Debug|x64.Deploy.0 = Debug|iPhone
		{C4B54D40-7AE1-4AFE-8E5E-7EA6C0B3EE31}.Debug|x86.ActiveCfg = Debug|iPhone
		{C4B54D40-7AE1-4AFE-8E5E-7EA6C0B3EE31}.Debug|x86.Build.0 = Debug|iPhone
		{C4B54D40-7AE1-4AFE-8E5E-7EA6C0B3EE31}.Debug|x86.Deploy.0 = Debug|iPhone
		{C4B54D40-7AE1-4AFE-8E5E-7EA6C0B3EE31}.Release|Any CPU.ActiveCfg = Release|iPhone
		{C4B54D40-7AE1-4AFE-8E5E-7EA6C0B3EE31}.Release|Any CPU.Build.0 = Release|iPhone
		{C4B54D40-7AE1-4AFE-8E5E-7EA6C0B3EE31}.Release|Any CPU.Deploy.0 = Release|iPhone
		{C4B54D40-7AE1-4AFE-8E5E-7EA6C0B3EE31}.Release|ARM.ActiveCfg = Release|iPhone
		{C4B54D40-7AE1-4AFE-8E5E-7EA6C0B3EE31}.Release|ARM.Build.0 = Release|iPhone
		{C4B54D40-7AE1-4AFE-8E5E-7EA6C0B3EE31}.Release|ARM.Deploy.0 = Release|iPhone
		{C4B54D40-7AE1-4AFE-8E5E-7EA6C0B3EE31}.Release|iPhone.ActiveCfg = Release|iPhone
		{C4B54D40-7AE1-4AFE-8E5E-7EA6C0B3EE31}.Release|iPhone.Build.0 = Release|iPhone
		{C4B54D40-7AE1-4AFE-8E5E-7EA6C0B3EE31}.Release|iPhone.Deploy.0 = Release|iPhone
		{C4B54D40-7AE1-4AFE-8E5E-7EA6C0B3EE31}.Release|iPhoneSimulator.ActiveCfg = Release|iPhoneSimulator
		{C4B54D40-7AE1-4AFE-8E5E-7EA6C0B3EE31}.Release|iPhoneSimulator.Build.0 = Release|iPhoneSimulator
		{C4B54D40-7AE1-4AFE-8E5E-7EA6C0B3EE31}.Release|iPhoneSimulator.Deploy.0 = Release|iPhoneSimulator
		{C4B54D40-7AE1-4AFE-8E5E-7EA6C0B3EE31}.Release|x64.ActiveCfg = Release|iPhone
		{C4B54D40-7AE1-4AFE-8E5E-7EA6C0B3EE31}.Release|x64.Build.0 = Release|iPhone
		{C4B54D40-7AE1-4AFE-8E5E-7EA6C0B3EE31}.Release|x64.Deploy.0 = Release|iPhone
		{C4B54D40-7AE1-4AFE-8E5E-7EA6C0B3EE31}.Release|x86.ActiveCfg = Release|iPhone
		{C4B54D40-7AE1-4AFE-8E5E-7EA6C0B3EE31}.Release|x86.Build.0 = Release|iPhone
		{C4B54D40-7AE1-4AFE-8E5E-7EA6C0B3EE31}.Release|x86.Deploy.0 = Release|iPhone
		{EF3189A1-7BA2-4BAE-9146-DC3C7C914AC8}.Ad-Hoc|Any CPU.ActiveCfg = Release|x86
		{EF3189A1-7BA2-4BAE-9146-DC3C7C914AC8}.Ad-Hoc|Any CPU.Build.0 = Release|x86
		{EF3189A1-7BA2-4BAE-9146-DC3C7C914AC8}.Ad-Hoc|Any CPU.Deploy.0 = Release|x86
		{EF3189A1-7BA2-4BAE-9146-DC3C7C914AC8}.Ad-Hoc|ARM.ActiveCfg = Release|ARM
		{EF3189A1-7BA2-4BAE-9146-DC3C7C914AC8}.Ad-Hoc|ARM.Build.0 = Release|ARM
		{EF3189A1-7BA2-4BAE-9146-DC3C7C914AC8}.Ad-Hoc|ARM.Deploy.0 = Release|ARM
		{EF3189A1-7BA2-4BAE-9146-DC3C7C914AC8}.Ad-Hoc|iPhone.ActiveCfg = Release|x86
		{EF3189A1-7BA2-4BAE-9146-DC3C7C914AC8}.Ad-Hoc|iPhone.Build.0 = Release|x86
		{EF3189A1-7BA2-4BAE-9146-DC3C7C914AC8}.Ad-Hoc|iPhone.Deploy.0 = Release|x86
		{EF3189A1-7BA2-4BAE-9146-DC3C7C914AC8}.Ad-Hoc|iPhoneSimulator.ActiveCfg = Release|x86
		{EF3189A1-7BA2-4BAE-9146-DC3C7C914AC8}.Ad-Hoc|iPhoneSimulator.Build.0 = Release|x86
		{EF3189A1-7BA2-4BAE-9146-DC3C7C914AC8}.Ad-Hoc|iPhoneSimulator.Deploy.0 = Release|x86
		{EF3189A1-7BA2-4BAE-9146-DC3C7C914AC8}.Ad-Hoc|x64.ActiveCfg = Release|x64
		{EF3189A1-7BA2-4BAE-9146-DC3C7C914AC8}.Ad-Hoc|x64.Build.0 = Release|x64
		{EF3189A1-7BA2-4BAE-9146-DC3C7C914AC8}.Ad-Hoc|x64.Deploy.0 = Release|x64
		{EF3189A1-7BA2-4BAE-9146-DC3C7C914AC8}.Ad-Hoc|x86.ActiveCfg = Release|x86
		{EF3189A1-7BA2-4BAE-9146-DC3C7C914AC8}.Ad-Hoc|x86.Build.0 = Release|x86
		{EF3189A1-7BA2-4BAE-9146-DC3C7C914AC8}.Ad-Hoc|x86.Deploy.0 = Release|x86
		{EF3189A1-7BA2-4BAE-9146-DC3C7C914AC8}.AppStore|Any CPU.ActiveCfg = Release|x86
		{EF3189A1-7BA2-4BAE-9146-DC3C7C914AC8}.AppStore|Any CPU.Build.0 = Release|x86
		{EF3189A1-7BA2-4BAE-9146-DC3C7C914AC8}.AppStore|Any CPU.Deploy.0 = Release|x86
		{EF3189A1-7BA2-4BAE-9146-DC3C7C914AC8}.AppStore|ARM.ActiveCfg = Release|ARM
		{EF3189A1-7BA2-4BAE-9146-DC3C7C914AC8}.AppStore|ARM.Build.0 = Release|ARM
		{EF3189A1-7BA2-4BAE-9146-DC3C7C914AC8}.AppStore|ARM.Deploy.0 = Release|ARM
		{EF3189A1-7BA2-4BAE-9146-DC3C7C914AC8}.AppStore|iPhone.ActiveCfg = Release|x86
		{EF3189A1-7BA2-4BAE-9146-DC3C7C914AC8}.AppStore|iPhone.Build.0 = Release|x86
		{EF3189A1-7BA2-4BAE-9146-DC3C7C914AC8}.AppStore|iPhone.Deploy.0 = Release|x86
		{EF3189A1-7BA2-4BAE-9146-DC3C7C914AC8}.AppStore|iPhoneSimulator.ActiveCfg = Release|x86
		{EF3189A1-7BA2-4BAE-9146-DC3C7C914AC8}.AppStore|iPhoneSimulator.Build.0 = Release|x86
		{EF3189A1-7BA2-4BAE-9146-DC3C7C914AC8}.AppStore|iPhoneSimulator.Deploy.0 = Release|x86
		{EF3189A1-7BA2-4BAE-9146-DC3C7C914AC8}.AppStore|x64.ActiveCfg = Release|x64
		{EF3189A1-7BA2-4BAE-9146-DC3C7C914AC8}.AppStore|x64.Build.0 = Release|x64
		{EF3189A1-7BA2-4BAE-9146-DC3C7C914AC8}.AppStore|x64.Deploy.0 = Release|x64
		{EF3189A1-7BA2-4BAE-9146-DC3C7C914AC8}.AppStore|x86.ActiveCfg = Release|x86
		{EF3189A1-7BA2-4BAE-9146-DC3C7C914AC8}.AppStore|x86.Build.0 = Release|x86
		{EF3189A1-7BA2-4BAE-9146-DC3C7C914AC8}.AppStore|x86.Deploy.0 = Release|x86
		{EF3189A1-7BA2-4BAE-9146-DC3C7C914AC8}.Debug|Any CPU.ActiveCfg = Debug|x86
		{EF3189A1-7BA2-4BAE-9146-DC3C7C914AC8}.Debug|Any CPU.Build.0 = Debug|x86
		{EF3189A1-7BA2-4BAE-9146-DC3C7C914AC8}.Debug|Any CPU.Deploy.0 = Debug|x86
		{EF3189A1-7BA2-4BAE-9146-DC3C7C914AC8}.Debug|ARM.ActiveCfg = Debug|ARM
		{EF3189A1-7BA2-4BAE-9146-DC3C7C914AC8}.Debug|ARM.Build.0 = Debug|ARM
		{EF3189A1-7BA2-4BAE-9146-DC3C7C914AC8}.Debug|ARM.Deploy.0 = Debug|ARM
		{EF3189A1-7BA2-4BAE-9146-DC3C7C914AC8}.Debug|iPhone.ActiveCfg = Debug|x86
		{EF3189A1-7BA2-4BAE-9146-DC3C7C914AC8}.Debug|iPhone.Build.0 = Debug|x86
		{EF3189A1-7BA2-4BAE-9146-DC3C7C914AC8}.Debug|iPhone.Deploy.0 = Debug|x86
		{EF3189A1-7BA2-4BAE-9146-DC3C7C914AC8}.Debug|iPhoneSimulator.ActiveCfg = Debug|x86
		{EF3189A1-7BA2-4BAE-9146-DC3C7C914AC8}.Debug|iPhoneSimulator.Build.0 = Debug|x86
		{EF3189A1-7BA2-4BAE-9146-DC3C7C914AC8}.Debug|iPhoneSimulator.Deploy.0 = Debug|x86
		{EF3189A1-7BA2-4BAE-9146-DC3C7C914AC8}.Debug|x64.ActiveCfg = Debug|x64
		{EF3189A1-7BA2-4BAE-9146-DC3C7C914AC8}.Debug|x64.Build.0 = Debug|x64
		{EF3189A1-7BA2-4BAE-9146-DC3C7C914AC8}.Debug|x64.Deploy.0 = Debug|x64
		{EF3189A1-7BA2-4BAE-9146-DC3C7C914AC8}.Debug|x86.ActiveCfg = Debug|x86
		{EF3189A1-7BA2-4BAE-9146-DC3C7C914AC8}.Debug|x86.Build.0 = Debug|x86
		{EF3189A1-7BA2-4BAE-9146-DC3C7C914AC8}.Debug|x86.Deploy.0 = Debug|x86
		{EF3189A1-7BA2-4BAE-9146-DC3C7C914AC8}.Release|Any CPU.ActiveCfg = Release|x86
		{EF3189A1-7BA2-4BAE-9146-DC3C7C914AC8}.Release|Any CPU.Build.0 = Release|x86
		{EF3189A1-7BA2-4BAE-9146-DC3C7C914AC8}.Release|Any CPU.Deploy.0 = Release|x86
		{EF3189A1-7BA2-4BAE-9146-DC3C7C914AC8}.Release|ARM.ActiveCfg = Release|ARM
		{EF3189A1-7BA2-4BAE-9146-DC3C7C914AC8}.Release|ARM.Build.0 = Release|ARM
		{EF3189A1-7BA2-4BAE-9146-DC3C7C914AC8}.Release|ARM.Deploy.0 = Release|ARM
		{EF3189A1-7BA2-4BAE-9146-DC3C7C914AC8}.Release|iPhone.ActiveCfg = Release|x86
		{EF3189A1-7BA2-4BAE-9146-DC3C7C914AC8}.Release|iPhone.Build.0 = Release|x86
		{EF3189A1-7BA2-4BAE-9146-DC3C7C914AC8}.Release|iPhone.Deploy.0 = Release|x86
		{EF3189A1-7BA2-4BAE-9146-DC3C7C914AC8}.Release|iPhoneSimulator.ActiveCfg = Release|x86
		{EF3189A1-7BA2-4BAE-9146-DC3C7C914AC8}.Release|iPhoneSimulator.Build.0 = Release|x86
		{EF3189A1-7BA2-4BAE-9146-DC3C7C914AC8}.Release|iPhoneSimulator.Deploy.0 = Release|x86
		{EF3189A1-7BA2-4BAE-9146-DC3C7C914AC8}.Release|x64.ActiveCfg = Release|x64
		{EF3189A1-7BA2-4BAE-9146-DC3C7C914AC8}.Release|x64.Build.0 = Release|x64
		{EF3189A1-7BA2-4BAE-9146-DC3C7C914AC8}.Release|x64.Deploy.0 = Release|x64
		{EF3189A1-7BA2-4BAE-9146-DC3C7C914AC8}.Release|x86.ActiveCfg = Release|x86
		{EF3189A1-7BA2-4BAE-9146-DC3C7C914AC8}.Release|x86.Build.0 = Release|x86
		{EF3189A1-7BA2-4BAE-9146-DC3C7C914AC8}.Release|x86.Deploy.0 = Release|x86
		{558BC327-5291-44C7-8529-2337C37F2668}.Ad-Hoc|Any CPU.ActiveCfg = Debug|Any CPU
		{558BC327-5291-44C7-8529-2337C37F2668}.Ad-Hoc|Any CPU.Build.0 = Debug|Any CPU
		{558BC327-5291-44C7-8529-2337C37F2668}.Ad-Hoc|Any CPU.Deploy.0 = Debug|Any CPU
		{558BC327-5291-44C7-8529-2337C37F2668}.Ad-Hoc|ARM.ActiveCfg = Debug|Any CPU
		{558BC327-5291-44C7-8529-2337C37F2668}.Ad-Hoc|ARM.Build.0 = Debug|Any CPU
		{558BC327-5291-44C7-8529-2337C37F2668}.Ad-Hoc|ARM.Deploy.0 = Debug|Any CPU
		{558BC327-5291-44C7-8529-2337C37F2668}.Ad-Hoc|iPhone.ActiveCfg = Debug|Any CPU
		{558BC327-5291-44C7-8529-2337C37F2668}.Ad-Hoc|iPhone.Build.0 = Debug|Any CPU
		{558BC327-5291-44C7-8529-2337C37F2668}.Ad-Hoc|iPhone.Deploy.0 = Debug|Any CPU
		{558BC327-5291-44C7-8529-2337C37F2668}.Ad-Hoc|iPhoneSimulator.ActiveCfg = Debug|Any CPU
		{558BC327-5291-44C7-8529-2337C37F2668}.Ad-Hoc|iPhoneSimulator.Build.0 = Debug|Any CPU
		{558BC327-5291-44C7-8529-2337C37F2668}.Ad-Hoc|iPhoneSimulator.Deploy.0 = Debug|Any CPU
		{558BC327-5291-44C7-8529-2337C37F2668}.Ad-Hoc|x64.ActiveCfg = Debug|Any CPU
		{558BC327-5291-44C7-8529-2337C37F2668}.Ad-Hoc|x64.Build.0 = Debug|Any CPU
		{558BC327-5291-44C7-8529-2337C37F2668}.Ad-Hoc|x64.Deploy.0 = Debug|Any CPU
		{558BC327-5291-44C7-8529-2337C37F2668}.Ad-Hoc|x86.ActiveCfg = Debug|Any CPU
		{558BC327-5291-44C7-8529-2337C37F2668}.Ad-Hoc|x86.Build.0 = Debug|Any CPU
		{558BC327-5291-44C7-8529-2337C37F2668}.Ad-Hoc|x86.Deploy.0 = Debug|Any CPU
		{558BC327-5291-44C7-8529-2337C37F2668}.AppStore|Any CPU.ActiveCfg = Debug|Any CPU
		{558BC327-5291-44C7-8529-2337C37F2668}.AppStore|Any CPU.Build.0 = Debug|Any CPU
		{558BC327-5291-44C7-8529-2337C37F2668}.AppStore|Any CPU.Deploy.0 = Debug|Any CPU
		{558BC327-5291-44C7-8529-2337C37F2668}.AppStore|ARM.ActiveCfg = Debug|Any CPU
		{558BC327-5291-44C7-8529-2337C37F2668}.AppStore|ARM.Build.0 = Debug|Any CPU
		{558BC327-5291-44C7-8529-2337C37F2668}.AppStore|ARM.Deploy.0 = Debug|Any CPU
		{558BC327-5291-44C7-8529-2337C37F2668}.AppStore|iPhone.ActiveCfg = Debug|Any CPU
		{558BC327-5291-44C7-8529-2337C37F2668}.AppStore|iPhone.Build.0 = Debug|Any CPU
		{558BC327-5291-44C7-8529-2337C37F2668}.AppStore|iPhone.Deploy.0 = Debug|Any CPU
		{558BC327-5291-44C7-8529-2337C37F2668}.AppStore|iPhoneSimulator.ActiveCfg = Debug|Any CPU
		{558BC327-5291-44C7-8529-2337C37F2668}.AppStore|iPhoneSimulator.Build.0 = Debug|Any CPU
		{558BC327-5291-44C7-8529-2337C37F2668}.AppStore|iPhoneSimulator.Deploy.0 = Debug|Any CPU
		{558BC327-5291-44C7-8529-2337C37F2668}.AppStore|x64.ActiveCfg = Debug|Any CPU
		{558BC327-5291-44C7-8529-2337C37F2668}.AppStore|x64.Build.0 = Debug|Any CPU
		{558BC327-5291-44C7-8529-2337C37F2668}.AppStore|x64.Deploy.0 = Debug|Any CPU
		{558BC327-5291-44C7-8529-2337C37F2668}.AppStore|x86.ActiveCfg = Debug|Any CPU
		{558BC327-5291-44C7-8529-2337C37F2668}.AppStore|x86.Build.0 = Debug|Any CPU
		{558BC327-5291-44C7-8529-2337C37F2668}.AppStore|x86.Deploy.0 = Debug|Any CPU
		{558BC327-5291-44C7-8529-2337C37F2668}.Debug|Any CPU.ActiveCfg = Debug|Any CPU
		{558BC327-5291-44C7-8529-2337C37F2668}.Debug|Any CPU.Build.0 = Debug|Any CPU
		{558BC327-5291-44C7-8529-2337C37F2668}.Debug|Any CPU.Deploy.0 = Debug|Any CPU
		{558BC327-5291-44C7-8529-2337C37F2668}.Debug|ARM.ActiveCfg = Debug|Any CPU
		{558BC327-5291-44C7-8529-2337C37F2668}.Debug|ARM.Build.0 = Debug|Any CPU
		{558BC327-5291-44C7-8529-2337C37F2668}.Debug|ARM.Deploy.0 = Debug|Any CPU
		{558BC327-5291-44C7-8529-2337C37F2668}.Debug|iPhone.ActiveCfg = Debug|Any CPU
		{558BC327-5291-44C7-8529-2337C37F2668}.Debug|iPhone.Build.0 = Debug|Any CPU
		{558BC327-5291-44C7-8529-2337C37F2668}.Debug|iPhone.Deploy.0 = Debug|Any CPU
		{558BC327-5291-44C7-8529-2337C37F2668}.Debug|iPhoneSimulator.ActiveCfg = Debug|Any CPU
		{558BC327-5291-44C7-8529-2337C37F2668}.Debug|iPhoneSimulator.Build.0 = Debug|Any CPU
		{558BC327-5291-44C7-8529-2337C37F2668}.Debug|iPhoneSimulator.Deploy.0 = Debug|Any CPU
		{558BC327-5291-44C7-8529-2337C37F2668}.Debug|x64.ActiveCfg = Debug|Any CPU
		{558BC327-5291-44C7-8529-2337C37F2668}.Debug|x64.Build.0 = Debug|Any CPU
		{558BC327-5291-44C7-8529-2337C37F2668}.Debug|x64.Deploy.0 = Debug|Any CPU
		{558BC327-5291-44C7-8529-2337C37F2668}.Debug|x86.ActiveCfg = Debug|Any CPU
		{558BC327-5291-44C7-8529-2337C37F2668}.Debug|x86.Build.0 = Debug|Any CPU
		{558BC327-5291-44C7-8529-2337C37F2668}.Debug|x86.Deploy.0 = Debug|Any CPU
		{558BC327-5291-44C7-8529-2337C37F2668}.Release|Any CPU.ActiveCfg = Release|Any CPU
		{558BC327-5291-44C7-8529-2337C37F2668}.Release|Any CPU.Build.0 = Release|Any CPU
		{558BC327-5291-44C7-8529-2337C37F2668}.Release|Any CPU.Deploy.0 = Release|Any CPU
		{558BC327-5291-44C7-8529-2337C37F2668}.Release|ARM.ActiveCfg = Release|Any CPU
		{558BC327-5291-44C7-8529-2337C37F2668}.Release|ARM.Build.0 = Release|Any CPU
		{558BC327-5291-44C7-8529-2337C37F2668}.Release|ARM.Deploy.0 = Release|Any CPU
		{558BC327-5291-44C7-8529-2337C37F2668}.Release|iPhone.ActiveCfg = Release|Any CPU
		{558BC327-5291-44C7-8529-2337C37F2668}.Release|iPhone.Build.0 = Release|Any CPU
		{558BC327-5291-44C7-8529-2337C37F2668}.Release|iPhone.Deploy.0 = Release|Any CPU
		{558BC327-5291-44C7-8529-2337C37F2668}.Release|iPhoneSimulator.ActiveCfg = Release|Any CPU
		{558BC327-5291-44C7-8529-2337C37F2668}.Release|iPhoneSimulator.Build.0 = Release|Any CPU
		{558BC327-5291-44C7-8529-2337C37F2668}.Release|iPhoneSimulator.Deploy.0 = Release|Any CPU
		{558BC327-5291-44C7-8529-2337C37F2668}.Release|x64.ActiveCfg = Release|Any CPU
		{558BC327-5291-44C7-8529-2337C37F2668}.Release|x64.Build.0 = Release|Any CPU
		{558BC327-5291-44C7-8529-2337C37F2668}.Release|x64.Deploy.0 = Release|Any CPU
		{558BC327-5291-44C7-8529-2337C37F2668}.Release|x86.ActiveCfg = Release|Any CPU
		{558BC327-5291-44C7-8529-2337C37F2668}.Release|x86.Build.0 = Release|Any CPU
		{558BC327-5291-44C7-8529-2337C37F2668}.Release|x86.Deploy.0 = Release|Any CPU
	EndGlobalSection
	GlobalSection(SolutionProperties) = preSolution
		HideSolutionNode = FALSE
	EndGlobalSection
	GlobalSection(ExtensibilityGlobals) = postSolution
		SolutionGuid = {B90D2014-BB31-4AD8-A559-B714E3943AFA}
	EndGlobalSection
EndGlobal
